// !$*UTF8*$!
{
	archiveVersion = 1;
	classes = {
	};
	objectVersion = 46;
	objects = {

/* Begin PBXBuildFile section */
		69114F041CBF6BBD00142B32 /* KFAAnchorPointTestViewController.m in Sources */ = {isa = PBXBuildFile; fileRef = 69114F021CBF6BBD00142B32 /* KFAAnchorPointTestViewController.m */; };
		69114F051CBF6BBD00142B32 /* KFAAnchorPointTestViewController.xib in Resources */ = {isa = PBXBuildFile; fileRef = 69114F031CBF6BBD00142B32 /* KFAAnchorPointTestViewController.xib */; };
		69114F081CBF775B00142B32 /* NSTimer+KFAWeakUsing.m in Sources */ = {isa = PBXBuildFile; fileRef = 69114F071CBF775B00142B32 /* NSTimer+KFAWeakUsing.m */; };
		69114F1D1CC087EE00142B32 /* num.png in Resources */ = {isa = PBXBuildFile; fileRef = 69114F1C1CC087EE00142B32 /* num.png */; };
		69114F231CC0F7FD00142B32 /* KFASolidObjeViewController.m in Sources */ = {isa = PBXBuildFile; fileRef = 69114F211CC0F7FD00142B32 /* KFASolidObjeViewController.m */; };
		69114F241CC0F7FD00142B32 /* KFASolidObjeViewController.xib in Resources */ = {isa = PBXBuildFile; fileRef = 69114F221CC0F7FD00142B32 /* KFASolidObjeViewController.xib */; };
		69114F2A1CC6133900142B32 /* KFASpecialLayerViewController.m in Sources */ = {isa = PBXBuildFile; fileRef = 69114F291CC6133900142B32 /* KFASpecialLayerViewController.m */; };
		69114F2C1CC6241D00142B32 /* CoreText.framework in Frameworks */ = {isa = PBXBuildFile; fileRef = 69114F2B1CC6241D00142B32 /* CoreText.framework */; };
		691C59AD1CCA2DF600A8E0D0 /* emitter.png in Resources */ = {isa = PBXBuildFile; fileRef = 691C59AC1CCA2DF600A8E0D0 /* emitter.png */; };
		691C59B21CCDC7EB00A8E0D0 /* KFAImplicitAnimationController.m in Sources */ = {isa = PBXBuildFile; fileRef = 691C59B01CCDC7EB00A8E0D0 /* KFAImplicitAnimationController.m */; };
		691C59B31CCDC7EB00A8E0D0 /* KFAImplicitAnimationController.xib in Resources */ = {isa = PBXBuildFile; fileRef = 691C59B11CCDC7EB00A8E0D0 /* KFAImplicitAnimationController.xib */; };
		691C59B51CCDECB300A8E0D0 /* plane.png in Resources */ = {isa = PBXBuildFile; fileRef = 691C59B41CCDECB300A8E0D0 /* plane.png */; };
		691C59B91CCDED7B00A8E0D0 /* KFAShowAnimationController.m in Sources */ = {isa = PBXBuildFile; fileRef = 691C59B81CCDED7B00A8E0D0 /* KFAShowAnimationController.m */; };
		695B03B91CBE707D00C29C29 /* main.m in Sources */ = {isa = PBXBuildFile; fileRef = 695B03B81CBE707D00C29C29 /* main.m */; };
		695B03BC1CBE707D00C29C29 /* AppDelegate.m in Sources */ = {isa = PBXBuildFile; fileRef = 695B03BB1CBE707D00C29C29 /* AppDelegate.m */; };
		695B03BF1CBE707D00C29C29 /* ViewController.m in Sources */ = {isa = PBXBuildFile; fileRef = 695B03BE1CBE707D00C29C29 /* ViewController.m */; };
		695B03C21CBE707D00C29C29 /* Main.storyboard in Resources */ = {isa = PBXBuildFile; fileRef = 695B03C01CBE707D00C29C29 /* Main.storyboard */; };
		695B03C41CBE707D00C29C29 /* Assets.xcassets in Resources */ = {isa = PBXBuildFile; fileRef = 695B03C31CBE707D00C29C29 /* Assets.xcassets */; };
		695B03C71CBE707D00C29C29 /* LaunchScreen.storyboard in Resources */ = {isa = PBXBuildFile; fileRef = 695B03C51CBE707D00C29C29 /* LaunchScreen.storyboard */; };
		695B03D21CBE707E00C29C29 /* KFACoreAnimationDemoTests.m in Sources */ = {isa = PBXBuildFile; fileRef = 695B03D11CBE707E00C29C29 /* KFACoreAnimationDemoTests.m */; };
		695B03DF1CBE772C00C29C29 /* animationPic.png in Resources */ = {isa = PBXBuildFile; fileRef = 695B03DE1CBE772C00C29C29 /* animationPic.png */; };
		695B03E41CBF485E00C29C29 /* dial.png in Resources */ = {isa = PBXBuildFile; fileRef = 695B03E01CBF485E00C29C29 /* dial.png */; };
		695B03E51CBF485E00C29C29 /* hourHand.png in Resources */ = {isa = PBXBuildFile; fileRef = 695B03E11CBF485E00C29C29 /* hourHand.png */; };
		695B03E61CBF485E00C29C29 /* minuteHand.png in Resources */ = {isa = PBXBuildFile; fileRef = 695B03E21CBF485E00C29C29 /* minuteHand.png */; };
		695B03E71CBF485E00C29C29 /* secondHand.png in Resources */ = {isa = PBXBuildFile; fileRef = 695B03E31CBF485E00C29C29 /* secondHand.png */; };
/* End PBXBuildFile section */

/* Begin PBXContainerItemProxy section */
		695B03CE1CBE707E00C29C29 /* PBXContainerItemProxy */ = {
			isa = PBXContainerItemProxy;
			containerPortal = 695B03AC1CBE707D00C29C29 /* Project object */;
			proxyType = 1;
			remoteGlobalIDString = 695B03B31CBE707D00C29C29;
			remoteInfo = KFACoreAnimationDemo;
		};
/* End PBXContainerItemProxy section */

/* Begin PBXFileReference section */
		69114F011CBF6BBD00142B32 /* KFAAnchorPointTestViewController.h */ = {isa = PBXFileReference; fileEncoding = 4; lastKnownFileType = sourcecode.c.h; path = KFAAnchorPointTestViewController.h; sourceTree = "<group>"; };
		69114F021CBF6BBD00142B32 /* KFAAnchorPointTestViewController.m */ = {isa = PBXFileReference; fileEncoding = 4; lastKnownFileType = sourcecode.c.objc; path = KFAAnchorPointTestViewController.m; sourceTree = "<group>"; };
		69114F031CBF6BBD00142B32 /* KFAAnchorPointTestViewController.xib */ = {isa = PBXFileReference; fileEncoding = 4; lastKnownFileType = file.xib; path = KFAAnchorPointTestViewController.xib; sourceTree = "<group>"; };
		69114F061CBF775B00142B32 /* NSTimer+KFAWeakUsing.h */ = {isa = PBXFileReference; fileEncoding = 4; lastKnownFileType = sourcecode.c.h; path = "NSTimer+KFAWeakUsing.h"; sourceTree = "<group>"; };
		69114F071CBF775B00142B32 /* NSTimer+KFAWeakUsing.m */ = {isa = PBXFileReference; fileEncoding = 4; lastKnownFileType = sourcecode.c.objc; path = "NSTimer+KFAWeakUsing.m"; sourceTree = "<group>"; };
		69114F091CBF77B400142B32 /* KFADefineConstant.h */ = {isa = PBXFileReference; fileEncoding = 4; lastKnownFileType = sourcecode.c.h; path = KFADefineConstant.h; sourceTree = "<group>"; };
		69114F1C1CC087EE00142B32 /* num.png */ = {isa = PBXFileReference; lastKnownFileType = image.png; path = num.png; sourceTree = "<group>"; };
		69114F201CC0F7FD00142B32 /* KFASolidObjeViewController.h */ = {isa = PBXFileReference; fileEncoding = 4; lastKnownFileType = sourcecode.c.h; path = KFASolidObjeViewController.h; sourceTree = "<group>"; };
		69114F211CC0F7FD00142B32 /* KFASolidObjeViewController.m */ = {isa = PBXFileReference; fileEncoding = 4; lastKnownFileType = sourcecode.c.objc; path = KFASolidObjeViewController.m; sourceTree = "<group>"; };
		69114F221CC0F7FD00142B32 /* KFASolidObjeViewController.xib */ = {isa = PBXFileReference; fileEncoding = 4; lastKnownFileType = file.xib; path = KFASolidObjeViewController.xib; sourceTree = "<group>"; };
		69114F281CC6133900142B32 /* KFASpecialLayerViewController.h */ = {isa = PBXFileReference; fileEncoding = 4; lastKnownFileType = sourcecode.c.h; path = KFASpecialLayerViewController.h; sourceTree = "<group>"; };
		69114F291CC6133900142B32 /* KFASpecialLayerViewController.m */ = {isa = PBXFileReference; fileEncoding = 4; lastKnownFileType = sourcecode.c.objc; path = KFASpecialLayerViewController.m; sourceTree = "<group>"; };
		69114F2B1CC6241D00142B32 /* CoreText.framework */ = {isa = PBXFileReference; lastKnownFileType = wrapper.framework; name = CoreText.framework; path = System/Library/Frameworks/CoreText.framework; sourceTree = SDKROOT; };
		691C59AC1CCA2DF600A8E0D0 /* emitter.png */ = {isa = PBXFileReference; lastKnownFileType = image.png; path = emitter.png; sourceTree = "<group>"; };
		691C59AF1CCDC7EB00A8E0D0 /* KFAImplicitAnimationController.h */ = {isa = PBXFileReference; fileEncoding = 4; lastKnownFileType = sourcecode.c.h; path = KFAImplicitAnimationController.h; sourceTree = "<group>"; };
		691C59B01CCDC7EB00A8E0D0 /* KFAImplicitAnimationController.m */ = {isa = PBXFileReference; fileEncoding = 4; lastKnownFileType = sourcecode.c.objc; path = KFAImplicitAnimationController.m; sourceTree = "<group>"; };
		691C59B11CCDC7EB00A8E0D0 /* KFAImplicitAnimationController.xib */ = {isa = PBXFileReference; fileEncoding = 4; lastKnownFileType = file.xib; path = KFAImplicitAnimationController.xib; sourceTree = "<group>"; };
		691C59B41CCDECB300A8E0D0 /* plane.png */ = {isa = PBXFileReference; lastKnownFileType = image.png; path = plane.png; sourceTree = "<group>"; };
		691C59B71CCDED7B00A8E0D0 /* KFAShowAnimationController.h */ = {isa = PBXFileReference; fileEncoding = 4; lastKnownFileType = sourcecode.c.h; path = KFAShowAnimationController.h; sourceTree = "<group>"; };
		691C59B81CCDED7B00A8E0D0 /* KFAShowAnimationController.m */ = {isa = PBXFileReference; fileEncoding = 4; lastKnownFileType = sourcecode.c.objc; path = KFAShowAnimationController.m; sourceTree = "<group>"; };
		695B03B41CBE707D00C29C29 /* KFACoreAnimationDemo.app */ = {isa = PBXFileReference; explicitFileType = wrapper.application; includeInIndex = 0; path = KFACoreAnimationDemo.app; sourceTree = BUILT_PRODUCTS_DIR; };
		695B03B81CBE707D00C29C29 /* main.m */ = {isa = PBXFileReference; lastKnownFileType = sourcecode.c.objc; path = main.m; sourceTree = "<group>"; };
		695B03BA1CBE707D00C29C29 /* AppDelegate.h */ = {isa = PBXFileReference; lastKnownFileType = sourcecode.c.h; path = AppDelegate.h; sourceTree = "<group>"; };
		695B03BB1CBE707D00C29C29 /* AppDelegate.m */ = {isa = PBXFileReference; lastKnownFileType = sourcecode.c.objc; path = AppDelegate.m; sourceTree = "<group>"; };
		695B03BD1CBE707D00C29C29 /* ViewController.h */ = {isa = PBXFileReference; lastKnownFileType = sourcecode.c.h; path = ViewController.h; sourceTree = "<group>"; };
		695B03BE1CBE707D00C29C29 /* ViewController.m */ = {isa = PBXFileReference; lastKnownFileType = sourcecode.c.objc; path = ViewController.m; sourceTree = "<group>"; };
		695B03C11CBE707D00C29C29 /* Base */ = {isa = PBXFileReference; lastKnownFileType = file.storyboard; name = Base; path = Base.lproj/Main.storyboard; sourceTree = "<group>"; };
		695B03C31CBE707D00C29C29 /* Assets.xcassets */ = {isa = PBXFileReference; lastKnownFileType = folder.assetcatalog; path = Assets.xcassets; sourceTree = "<group>"; };
		695B03C61CBE707D00C29C29 /* Base */ = {isa = PBXFileReference; lastKnownFileType = file.storyboard; name = Base; path = Base.lproj/LaunchScreen.storyboard; sourceTree = "<group>"; };
		695B03C81CBE707D00C29C29 /* Info.plist */ = {isa = PBXFileReference; lastKnownFileType = text.plist.xml; path = Info.plist; sourceTree = "<group>"; };
		695B03CD1CBE707E00C29C29 /* KFACoreAnimationDemoTests.xctest */ = {isa = PBXFileReference; explicitFileType = wrapper.cfbundle; includeInIndex = 0; path = KFACoreAnimationDemoTests.xctest; sourceTree = BUILT_PRODUCTS_DIR; };
		695B03D11CBE707E00C29C29 /* KFACoreAnimationDemoTests.m */ = {isa = PBXFileReference; lastKnownFileType = sourcecode.c.objc; path = KFACoreAnimationDemoTests.m; sourceTree = "<group>"; };
		695B03D31CBE707E00C29C29 /* Info.plist */ = {isa = PBXFileReference; lastKnownFileType = text.plist.xml; path = Info.plist; sourceTree = "<group>"; };
		695B03DC1CBE71B800C29C29 /* KFACoreAnimationDemo.pch */ = {isa = PBXFileReference; fileEncoding = 4; lastKnownFileType = sourcecode.c.h; path = KFACoreAnimationDemo.pch; sourceTree = "<group>"; };
		695B03DE1CBE772C00C29C29 /* animationPic.png */ = {isa = PBXFileReference; lastKnownFileType = image.png; path = animationPic.png; sourceTree = "<group>"; };
		695B03E01CBF485E00C29C29 /* dial.png */ = {isa = PBXFileReference; lastKnownFileType = image.png; path = dial.png; sourceTree = "<group>"; };
		695B03E11CBF485E00C29C29 /* hourHand.png */ = {isa = PBXFileReference; lastKnownFileType = image.png; path = hourHand.png; sourceTree = "<group>"; };
		695B03E21CBF485E00C29C29 /* minuteHand.png */ = {isa = PBXFileReference; lastKnownFileType = image.png; path = minuteHand.png; sourceTree = "<group>"; };
		695B03E31CBF485E00C29C29 /* secondHand.png */ = {isa = PBXFileReference; lastKnownFileType = image.png; path = secondHand.png; sourceTree = "<group>"; };
/* End PBXFileReference section */

/* Begin PBXFrameworksBuildPhase section */
		695B03B11CBE707D00C29C29 /* Frameworks */ = {
			isa = PBXFrameworksBuildPhase;
			buildActionMask = 2147483647;
			files = (
				69114F2C1CC6241D00142B32 /* CoreText.framework in Frameworks */,
			);
			runOnlyForDeploymentPostprocessing = 0;
		};
		695B03CA1CBE707E00C29C29 /* Frameworks */ = {
			isa = PBXFrameworksBuildPhase;
			buildActionMask = 2147483647;
			files = (
			);
			runOnlyForDeploymentPostprocessing = 0;
		};
/* End PBXFrameworksBuildPhase section */

/* Begin PBXGroup section */
		69114F1E1CC0D0CA00142B32 /* KFAAnchorPoint */ = {
			isa = PBXGroup;
			children = (
				69114F011CBF6BBD00142B32 /* KFAAnchorPointTestViewController.h */,
				69114F021CBF6BBD00142B32 /* KFAAnchorPointTestViewController.m */,
				69114F031CBF6BBD00142B32 /* KFAAnchorPointTestViewController.xib */,
			);
			name = KFAAnchorPoint;
			sourceTree = "<group>";
		};
		69114F1F1CC0F7CA00142B32 /* KFASolidObje */ = {
			isa = PBXGroup;
			children = (
				69114F201CC0F7FD00142B32 /* KFASolidObjeViewController.h */,
				69114F211CC0F7FD00142B32 /* KFASolidObjeViewController.m */,
				69114F221CC0F7FD00142B32 /* KFASolidObjeViewController.xib */,
			);
			name = KFASolidObje;
			sourceTree = "<group>";
		};
		69114F271CC612FF00142B32 /* KFASpecialLayer */ = {
			isa = PBXGroup;
			children = (
				69114F281CC6133900142B32 /* KFASpecialLayerViewController.h */,
				69114F291CC6133900142B32 /* KFASpecialLayerViewController.m */,
			);
			name = KFASpecialLayer;
			sourceTree = "<group>";
		};
		69114F2D1CC6242D00142B32 /* KFAFramework */ = {
			isa = PBXGroup;
			children = (
				69114F2B1CC6241D00142B32 /* CoreText.framework */,
			);
			name = KFAFramework;
			sourceTree = "<group>";
		};
		691C59AE1CCDC79500A8E0D0 /* KFAImplicitAnimation */ = {
			isa = PBXGroup;
			children = (
				691C59AF1CCDC7EB00A8E0D0 /* KFAImplicitAnimationController.h */,
				691C59B01CCDC7EB00A8E0D0 /* KFAImplicitAnimationController.m */,
				691C59B11CCDC7EB00A8E0D0 /* KFAImplicitAnimationController.xib */,
			);
			name = KFAImplicitAnimation;
			sourceTree = "<group>";
		};
		691C59B61CCDED5600A8E0D0 /* KFAShowAnimation */ = {
			isa = PBXGroup;
			children = (
				691C59B71CCDED7B00A8E0D0 /* KFAShowAnimationController.h */,
				691C59B81CCDED7B00A8E0D0 /* KFAShowAnimationController.m */,
			);
			name = KFAShowAnimation;
			sourceTree = "<group>";
		};
		695B03AB1CBE707D00C29C29 = {
			isa = PBXGroup;
			children = (
				695B03B61CBE707D00C29C29 /* KFACoreAnimationDemo */,
				69114F2D1CC6242D00142B32 /* KFAFramework */,
				695B03D01CBE707E00C29C29 /* KFACoreAnimationDemoTests */,
				695B03B51CBE707D00C29C29 /* Products */,
			);
			sourceTree = "<group>";
		};
		695B03B51CBE707D00C29C29 /* Products */ = {
			isa = PBXGroup;
			children = (
				695B03B41CBE707D00C29C29 /* KFACoreAnimationDemo.app */,
				695B03CD1CBE707E00C29C29 /* KFACoreAnimationDemoTests.xctest */,
			);
			name = Products;
			sourceTree = "<group>";
		};
		695B03B61CBE707D00C29C29 /* KFACoreAnimationDemo */ = {
			isa = PBXGroup;
			children = (
				691C59B61CCDED5600A8E0D0 /* KFAShowAnimation */,
				691C59AE1CCDC79500A8E0D0 /* KFAImplicitAnimation */,
				69114F271CC612FF00142B32 /* KFASpecialLayer */,
				69114F1F1CC0F7CA00142B32 /* KFASolidObje */,
				69114F1E1CC0D0CA00142B32 /* KFAAnchorPoint */,
				695B03BA1CBE707D00C29C29 /* AppDelegate.h */,
				695B03BB1CBE707D00C29C29 /* AppDelegate.m */,
				695B03BD1CBE707D00C29C29 /* ViewController.h */,
				695B03BE1CBE707D00C29C29 /* ViewController.m */,
				695B03C01CBE707D00C29C29 /* Main.storyboard */,
				695B03C31CBE707D00C29C29 /* Assets.xcassets */,
				695B03C51CBE707D00C29C29 /* LaunchScreen.storyboard */,
				695B03C81CBE707D00C29C29 /* Info.plist */,
				695B03B71CBE707D00C29C29 /* Supporting Files */,
				695B03DD1CBE76D300C29C29 /* source */,
				69114F091CBF77B400142B32 /* KFADefineConstant.h */,
				69114F061CBF775B00142B32 /* NSTimer+KFAWeakUsing.h */,
				69114F071CBF775B00142B32 /* NSTimer+KFAWeakUsing.m */,
			);
			path = KFACoreAnimationDemo;
			sourceTree = "<group>";
		};
		695B03B71CBE707D00C29C29 /* Supporting Files */ = {
			isa = PBXGroup;
			children = (
				695B03B81CBE707D00C29C29 /* main.m */,
				695B03DC1CBE71B800C29C29 /* KFACoreAnimationDemo.pch */,
			);
			name = "Supporting Files";
			sourceTree = "<group>";
		};
		695B03D01CBE707E00C29C29 /* KFACoreAnimationDemoTests */ = {
			isa = PBXGroup;
			children = (
				695B03D11CBE707E00C29C29 /* KFACoreAnimationDemoTests.m */,
				695B03D31CBE707E00C29C29 /* Info.plist */,
			);
			path = KFACoreAnimationDemoTests;
			sourceTree = "<group>";
		};
		695B03DD1CBE76D300C29C29 /* source */ = {
			isa = PBXGroup;
			children = (
				691C59B41CCDECB300A8E0D0 /* plane.png */,
				691C59AC1CCA2DF600A8E0D0 /* emitter.png */,
				69114F1C1CC087EE00142B32 /* num.png */,
				695B03DE1CBE772C00C29C29 /* animationPic.png */,
				695B03E01CBF485E00C29C29 /* dial.png */,
				695B03E11CBF485E00C29C29 /* hourHand.png */,
				695B03E21CBF485E00C29C29 /* minuteHand.png */,
				695B03E31CBF485E00C29C29 /* secondHand.png */,
			);
			path = source;
			sourceTree = "<group>";
		};
/* End PBXGroup section */

/* Begin PBXNativeTarget section */
		695B03B31CBE707D00C29C29 /* KFACoreAnimationDemo */ = {
			isa = PBXNativeTarget;
			buildConfigurationList = 695B03D61CBE707E00C29C29 /* Build configuration list for PBXNativeTarget "KFACoreAnimationDemo" */;
			buildPhases = (
				695B03B01CBE707D00C29C29 /* Sources */,
				695B03B11CBE707D00C29C29 /* Frameworks */,
				695B03B21CBE707D00C29C29 /* Resources */,
			);
			buildRules = (
			);
			dependencies = (
			);
			name = KFACoreAnimationDemo;
			productName = KFACoreAnimationDemo;
			productReference = 695B03B41CBE707D00C29C29 /* KFACoreAnimationDemo.app */;
			productType = "com.apple.product-type.application";
		};
		695B03CC1CBE707E00C29C29 /* KFACoreAnimationDemoTests */ = {
			isa = PBXNativeTarget;
			buildConfigurationList = 695B03D91CBE707E00C29C29 /* Build configuration list for PBXNativeTarget "KFACoreAnimationDemoTests" */;
			buildPhases = (
				695B03C91CBE707E00C29C29 /* Sources */,
				695B03CA1CBE707E00C29C29 /* Frameworks */,
				695B03CB1CBE707E00C29C29 /* Resources */,
			);
			buildRules = (
			);
			dependencies = (
				695B03CF1CBE707E00C29C29 /* PBXTargetDependency */,
			);
			name = KFACoreAnimationDemoTests;
			productName = KFACoreAnimationDemoTests;
			productReference = 695B03CD1CBE707E00C29C29 /* KFACoreAnimationDemoTests.xctest */;
			productType = "com.apple.product-type.bundle.unit-test";
		};
/* End PBXNativeTarget section */

/* Begin PBXProject section */
		695B03AC1CBE707D00C29C29 /* Project object */ = {
			isa = PBXProject;
			attributes = {
				LastUpgradeCheck = 0720;
				ORGANIZATIONNAME = "柯梵Aaron";
				TargetAttributes = {
					695B03B31CBE707D00C29C29 = {
						CreatedOnToolsVersion = 7.2.1;
					};
					695B03CC1CBE707E00C29C29 = {
						CreatedOnToolsVersion = 7.2.1;
						TestTargetID = 695B03B31CBE707D00C29C29;
					};
				};
			};
			buildConfigurationList = 695B03AF1CBE707D00C29C29 /* Build configuration list for PBXProject "KFACoreAnimationDemo" */;
			compatibilityVersion = "Xcode 3.2";
			developmentRegion = English;
			hasScannedForEncodings = 0;
			knownRegions = (
				en,
				Base,
			);
			mainGroup = 695B03AB1CBE707D00C29C29;
			productRefGroup = 695B03B51CBE707D00C29C29 /* Products */;
			projectDirPath = "";
			projectRoot = "";
			targets = (
				695B03B31CBE707D00C29C29 /* KFACoreAnimationDemo */,
				695B03CC1CBE707E00C29C29 /* KFACoreAnimationDemoTests */,
			);
		};
/* End PBXProject section */

/* Begin PBXResourcesBuildPhase section */
		695B03B21CBE707D00C29C29 /* Resources */ = {
			isa = PBXResourcesBuildPhase;
			buildActionMask = 2147483647;
			files = (
				691C59AD1CCA2DF600A8E0D0 /* emitter.png in Resources */,
				695B03E71CBF485E00C29C29 /* secondHand.png in Resources */,
				695B03C71CBE707D00C29C29 /* LaunchScreen.storyboard in Resources */,
				695B03E41CBF485E00C29C29 /* dial.png in Resources */,
				69114F051CBF6BBD00142B32 /* KFAAnchorPointTestViewController.xib in Resources */,
				695B03E51CBF485E00C29C29 /* hourHand.png in Resources */,
				695B03C41CBE707D00C29C29 /* Assets.xcassets in Resources */,
				691C59B31CCDC7EB00A8E0D0 /* KFAImplicitAnimationController.xib in Resources */,
				695B03C21CBE707D00C29C29 /* Main.storyboard in Resources */,
				695B03DF1CBE772C00C29C29 /* animationPic.png in Resources */,
				69114F241CC0F7FD00142B32 /* KFASolidObjeViewController.xib in Resources */,
				69114F1D1CC087EE00142B32 /* num.png in Resources */,
				691C59B51CCDECB300A8E0D0 /* plane.png in Resources */,
				695B03E61CBF485E00C29C29 /* minuteHand.png in Resources */,
			);
			runOnlyForDeploymentPostprocessing = 0;
		};
		695B03CB1CBE707E00C29C29 /* Resources */ = {
			isa = PBXResourcesBuildPhase;
			buildActionMask = 2147483647;
			files = (
			);
			runOnlyForDeploymentPostprocessing = 0;
		};
/* End PBXResourcesBuildPhase section */

/* Begin PBXSourcesBuildPhase section */
		695B03B01CBE707D00C29C29 /* Sources */ = {
			isa = PBXSourcesBuildPhase;
			buildActionMask = 2147483647;
			files = (
				691C59B21CCDC7EB00A8E0D0 /* KFAImplicitAnimationController.m in Sources */,
				695B03BF1CBE707D00C29C29 /* ViewController.m in Sources */,
				69114F081CBF775B00142B32 /* NSTimer+KFAWeakUsing.m in Sources */,
				695B03BC1CBE707D00C29C29 /* AppDelegate.m in Sources */,
				691C59B91CCDED7B00A8E0D0 /* KFAShowAnimationController.m in Sources */,
				69114F231CC0F7FD00142B32 /* KFASolidObjeViewController.m in Sources */,
				695B03B91CBE707D00C29C29 /* main.m in Sources */,
				69114F041CBF6BBD00142B32 /* KFAAnchorPointTestViewController.m in Sources */,
				69114F2A1CC6133900142B32 /* KFASpecialLayerViewController.m in Sources */,
			);
			runOnlyForDeploymentPostprocessing = 0;
		};
		695B03C91CBE707E00C29C29 /* Sources */ = {
			isa = PBXSourcesBuildPhase;
			buildActionMask = 2147483647;
			files = (
				695B03D21CBE707E00C29C29 /* KFACoreAnimationDemoTests.m in Sources */,
			);
			runOnlyForDeploymentPostprocessing = 0;
		};
/* End PBXSourcesBuildPhase section */

/* Begin PBXTargetDependency section */
		695B03CF1CBE707E00C29C29 /* PBXTargetDependency */ = {
			isa = PBXTargetDependency;
			target = 695B03B31CBE707D00C29C29 /* KFACoreAnimationDemo */;
			targetProxy = 695B03CE1CBE707E00C29C29 /* PBXContainerItemProxy */;
		};
/* End PBXTargetDependency section */

/* Begin PBXVariantGroup section */
		695B03C01CBE707D00C29C29 /* Main.storyboard */ = {
			isa = PBXVariantGroup;
			children = (
				695B03C11CBE707D00C29C29 /* Base */,
			);
			name = Main.storyboard;
			sourceTree = "<group>";
		};
		695B03C51CBE707D00C29C29 /* LaunchScreen.storyboard */ = {
			isa = PBXVariantGroup;
			children = (
				695B03C61CBE707D00C29C29 /* Base */,
			);
			name = LaunchScreen.storyboard;
			sourceTree = "<group>";
		};
/* End PBXVariantGroup section */

/* Begin XCBuildConfiguration section */
		695B03D41CBE707E00C29C29 /* Debug */ = {
			isa = XCBuildConfiguration;
			buildSettings = {
				ALWAYS_SEARCH_USER_PATHS = NO;
				CLANG_CXX_LANGUAGE_STANDARD = "gnu++0x";
				CLANG_CXX_LIBRARY = "libc++";
				CLANG_ENABLE_MODULES = YES;
				CLANG_ENABLE_OBJC_ARC = YES;
				CLANG_WARN_BOOL_CONVERSION = YES;
				CLANG_WARN_CONSTANT_CONVERSION = YES;
				CLANG_WARN_DIRECT_OBJC_ISA_USAGE = YES_ERROR;
				CLANG_WARN_EMPTY_BODY = YES;
				CLANG_WARN_ENUM_CONVERSION = YES;
				CLANG_WARN_INT_CONVERSION = YES;
				CLANG_WARN_OBJC_ROOT_CLASS = YES_ERROR;
				CLANG_WARN_UNREACHABLE_CODE = YES;
				CLANG_WARN__DUPLICATE_METHOD_MATCH = YES;
				"CODE_SIGN_IDENTITY[sdk=iphoneos*]" = "iPhone Developer";
				COPY_PHASE_STRIP = NO;
				DEBUG_INFORMATION_FORMAT = dwarf;
				ENABLE_STRICT_OBJC_MSGSEND = YES;
				ENABLE_TESTABILITY = YES;
				GCC_C_LANGUAGE_STANDARD = gnu99;
				GCC_DYNAMIC_NO_PIC = NO;
				GCC_NO_COMMON_BLOCKS = YES;
				GCC_OPTIMIZATION_LEVEL = 0;
				GCC_PREPROCESSOR_DEFINITIONS = (
					"DEBUG=1",
					"$(inherited)",
				);
				GCC_WARN_64_TO_32_BIT_CONVERSION = YES;
				GCC_WARN_ABOUT_RETURN_TYPE = YES_ERROR;
				GCC_WARN_UNDECLARED_SELECTOR = YES;
				GCC_WARN_UNINITIALIZED_AUTOS = YES_AGGRESSIVE;
				GCC_WARN_UNUSED_FUNCTION = YES;
				GCC_WARN_UNUSED_VARIABLE = YES;
				IPHONEOS_DEPLOYMENT_TARGET = 9.2;
				MTL_ENABLE_DEBUG_INFO = YES;
				ONLY_ACTIVE_ARCH = YES;
				SDKROOT = iphoneos;
			};
			name = Debug;
		};
		695B03D51CBE707E00C29C29 /* Release */ = {
			isa = XCBuildConfiguration;
			buildSettings = {
				ALWAYS_SEARCH_USER_PATHS = NO;
				CLANG_CXX_LANGUAGE_STANDARD = "gnu++0x";
				CLANG_CXX_LIBRARY = "libc++";
				CLANG_ENABLE_MODULES = YES;
				CLANG_ENABLE_OBJC_ARC = YES;
				CLANG_WARN_BOOL_CONVERSION = YES;
				CLANG_WARN_CONSTANT_CONVERSION = YES;
				CLANG_WARN_DIRECT_OBJC_ISA_USAGE = YES_ERROR;
				CLANG_WARN_EMPTY_BODY = YES;
				CLANG_WARN_ENUM_CONVERSION = YES;
				CLANG_WARN_INT_CONVERSION = YES;
				CLANG_WARN_OBJC_ROOT_CLASS = YES_ERROR;
				CLANG_WARN_UNREACHABLE_CODE = YES;
				CLANG_WARN__DUPLICATE_METHOD_MATCH = YES;
				"CODE_SIGN_IDENTITY[sdk=iphoneos*]" = "iPhone Developer";
				COPY_PHASE_STRIP = NO;
				DEBUG_INFORMATION_FORMAT = "dwarf-with-dsym";
				ENABLE_NS_ASSERTIONS = NO;
				ENABLE_STRICT_OBJC_MSGSEND = YES;
				GCC_C_LANGUAGE_STANDARD = gnu99;
				GCC_NO_COMMON_BLOCKS = YES;
				GCC_WARN_64_TO_32_BIT_CONVERSION = YES;
				GCC_WARN_ABOUT_RETURN_TYPE = YES_ERROR;
				GCC_WARN_UNDECLARED_SELECTOR = YES;
				GCC_WARN_UNINITIALIZED_AUTOS = YES_AGGRESSIVE;
				GCC_WARN_UNUSED_FUNCTION = YES;
				GCC_WARN_UNUSED_VARIABLE = YES;
				IPHONEOS_DEPLOYMENT_TARGET = 9.2;
				MTL_ENABLE_DEBUG_INFO = NO;
				SDKROOT = iphoneos;
				VALIDATE_PRODUCT = YES;
			};
			name = Release;
		};
		695B03D71CBE707E00C29C29 /* Debug */ = {
			isa = XCBuildConfiguration;
			buildSettings = {
				ASSETCATALOG_COMPILER_APPICON_NAME = AppIcon;
				GCC_PRECOMPILE_PREFIX_HEADER = YES;
				GCC_PREFIX_HEADER = "$(SRCROOT)/KFACoreAnimationDemo/KFACoreAnimationDemo.pch";
				INFOPLIST_FILE = KFACoreAnimationDemo/Info.plist;
				LD_RUNPATH_SEARCH_PATHS = "$(inherited) @executable_path/Frameworks";
				PRODUCT_BUNDLE_IDENTIFIER = kefanAaron.KFACoreAnimationDemo;
				PRODUCT_NAME = "$(TARGET_NAME)";
			};
			name = Debug;
		};
		695B03D81CBE707E00C29C29 /* Release */ = {
			isa = XCBuildConfiguration;
			buildSettings = {
				ASSETCATALOG_COMPILER_APPICON_NAME = AppIcon;
				GCC_PRECOMPILE_PREFIX_HEADER = YES;
				GCC_PREFIX_HEADER = "$(SRCROOT)/KFACoreAnimationDemo/KFACoreAnimationDemo.pch";
				INFOPLIST_FILE = KFACoreAnimationDemo/Info.plist;
				LD_RUNPATH_SEARCH_PATHS = "$(inherited) @executable_path/Frameworks";
				PRODUCT_BUNDLE_IDENTIFIER = kefanAaron.KFACoreAnimationDemo;
				PRODUCT_NAME = "$(TARGET_NAME)";
			};
			name = Release;
		};
		695B03DA1CBE707E00C29C29 /* Debug */ = {
			isa = XCBuildConfiguration;
			buildSettings = {
				BUNDLE_LOADER = "$(TEST_HOST)";
				INFOPLIST_FILE = KFACoreAnimationDemoTests/Info.plist;
				LD_RUNPATH_SEARCH_PATHS = "$(inherited) @executable_path/Frameworks @loader_path/Frameworks";
				PRODUCT_BUNDLE_IDENTIFIER = kefanAaron.KFACoreAnimationDemoTests;
				PRODUCT_NAME = "$(TARGET_NAME)";
				TEST_HOST = "$(BUILT_PRODUCTS_DIR)/KFACoreAnimationDemo.app/KFACoreAnimationDemo";
			};
			name = Debug;
		};
		695B03DB1CBE707E00C29C29 /* Release */ = {
			isa = XCBuildConfiguration;
			buildSettings = {
				BUNDLE_LOADER = "$(TEST_HOST)";
				INFOPLIST_FILE = KFACoreAnimationDemoTests/Info.plist;
				LD_RUNPATH_SEARCH_PATHS = "$(inherited) @executable_path/Frameworks @loader_path/Frameworks";
				PRODUCT_BUNDLE_IDENTIFIER = kefanAaron.KFACoreAnimationDemoTests;
				PRODUCT_NAME = "$(TARGET_NAME)";
				TEST_HOST = "$(BUILT_PRODUCTS_DIR)/KFACoreAnimationDemo.app/KFACoreAnimationDemo";
			};
			name = Release;
		};
/* End XCBuildConfiguration section */

/* Begin XCConfigurationList section */
		695B03AF1CBE707D00C29C29 /* Build configuration list for PBXProject "KFACoreAnimationDemo" */ = {
			isa = XCConfigurationList;
			buildConfigurations = (
				695B03D41CBE707E00C29C29 /* Debug */,
				695B03D51CBE707E00C29C29 /* Release */,
			);
			defaultConfigurationIsVisible = 0;
			defaultConfigurationName = Release;
		};
		695B03D61CBE707E00C29C29 /* Build configuration list for PBXNativeTarget "KFACoreAnimationDemo" */ = {
			isa = XCConfigurationList;
			buildConfigurations = (
				695B03D71CBE707E00C29C29 /* Debug */,
				695B03D81CBE707E00C29C29 /* Release */,
			);
			defaultConfigurationIsVisible = 0;
			defaultConfigurationName = Release;
		};
		695B03D91CBE707E00C29C29 /* Build configuration list for PBXNativeTarget "KFACoreAnimationDemoTests" */ = {
			isa = XCConfigurationList;
			buildConfigurations = (
				695B03DA1CBE707E00C29C29 /* Debug */,
				695B03DB1CBE707E00C29C29 /* Release */,
			);
			defaultConfigurationIsVisible = 0;
			defaultConfigurationName = Release;
		};
/* End XCConfigurationList section */
	};
	rootObject = 695B03AC1CBE707D00C29C29 /* Project object */;
}
